{
  "name": "ls",
  "version": "1.0.0",
  "lockfileVersion": 1,
  "requires": true,
  "dependencies": {
    "bootstrap": {
      "version": "4.5.0",
      "resolved": "https://registry.npmjs.org/bootstrap/-/bootstrap-4.5.0.tgz",
      "integrity": "sha512-Z93QoXvodoVslA+PWNdk23Hze4RBYIkpb5h8I2HY2Tu2h7A0LpAgLcyrhrSUyo2/Oxm2l1fRZPs1e5hnxnliXA=="
    },
    "startbootstrap-agency": {
      "version": "6.0.1",
      "resolved": "https://registry.npmjs.org/startbootstrap-agency/-/startbootstrap-agency-6.0.1.tgz",
      "integrity": "sha512-/AoWB9nof997kE13y7qbZQyWX/KhKUovjCxDmFqiVpUmloYnxN9n2smk3BKGR6VYmh3HyE+rVMFzxrctbqtYdw==",
      "requires": {
        "bootstrap": "4.5.0"
      }
    }
  }
}
